
Microsoft Visual Studio Solution File, Format Version 12.00
# Visual Studio Version 17
VisualStudioVersion = 17.0.32014.148
MinimumVisualStudioVersion = 10.0.40219.1
Project("{FAE04EC0-301F-11D3-BF4B-00C04F79EFBC}") = "Csigaverseny", "Csigaverseny\Csigaverseny.csproj", "{ADBD9430-3CA4-4B2F-AEC8-1F04F483E9FF}"
EndProject
Global
	GlobalSection(SolutionConfigurationPlatforms) = preSolution
		Debug|Any CPU = Debug|Any CPU
		Release|Any CPU = Release|Any CPU
	EndGlobalSection
	GlobalSection(ProjectConfigurationPlatforms) = postSolution
		{ADBD9430-3CA4-4B2F-AEC8-1F04F483E9FF}.Debug|Any CPU.ActiveCfg = Debug|Any CPU
		{ADBD9430-3CA4-4B2F-AEC8-1F04F483E9FF}.Debug|Any CPU.Build.0 = Debug|Any CPU
		{ADBD9430-3CA4-4B2F-AEC8-1F04F483E9FF}.Release|Any CPU.ActiveCfg = Release|Any CPU
		{ADBD9430-3CA4-4B2F-AEC8-1F04F483E9FF}.Release|Any CPU.Build.0 = Release|Any CPU
	EndGlobalSection
	GlobalSection(SolutionProperties) = preSolution
		HideSolutionNode = FALSE
	EndGlobalSection
	GlobalSection(ExtensibilityGlobals) = postSolution
		SolutionGuid = {E825DC84-64BF-415A-A7E1-391BCD9A4B5D}
	EndGlobalSection
EndGlobal
